
Microsoft Visual Studio Solution File, Format Version 12.00
# Visual Studio Version 17
VisualStudioVersion = 17.10.35027.167
MinimumVisualStudioVersion = 10.0.40219.1
Project("{FAE04EC0-301F-11D3-BF4B-00C04F79EFBC}") = "RealEstate_Dapper_Api", "RealEstate_Dapper_Api\RealEstate_Dapper_Api.csproj", "{066F9CF8-2090-4916-9020-6CFF93C21D50}"
EndProject
Project("{FAE04EC0-301F-11D3-BF4B-00C04F79EFBC}") = "RealEstate_Dapper_UI", "RealEstate_Dapper_UI\RealEstate_Dapper_UI.csproj", "{3F938DC0-ED22-4EF5-A9EC-C09B2D6A6D5B}"
EndProject
Global
	GlobalSection(SolutionConfigurationPlatforms) = preSolution
		Debug|Any CPU = Debug|Any CPU
		Release|Any CPU = Release|Any CPU
	EndGlobalSection
	GlobalSection(ProjectConfigurationPlatforms) = postSolution
		{066F9CF8-2090-4916-9020-6CFF93C21D50}.Debug|Any CPU.ActiveCfg = Debug|Any CPU
		{066F9CF8-2090-4916-9020-6CFF93C21D50}.Debug|Any CPU.Build.0 = Debug|Any CPU
		{066F9CF8-2090-4916-9020-6CFF93C21D50}.Release|Any CPU.ActiveCfg = Release|Any CPU
		{066F9CF8-2090-4916-9020-6CFF93C21D50}.Release|Any CPU.Build.0 = Release|Any CPU
		{3F938DC0-ED22-4EF5-A9EC-C09B2D6A6D5B}.Debug|Any CPU.ActiveCfg = Debug|Any CPU
		{3F938DC0-ED22-4EF5-A9EC-C09B2D6A6D5B}.Debug|Any CPU.Build.0 = Debug|Any CPU
		{3F938DC0-ED22-4EF5-A9EC-C09B2D6A6D5B}.Release|Any CPU.ActiveCfg = Release|Any CPU
		{3F938DC0-ED22-4EF5-A9EC-C09B2D6A6D5B}.Release|Any CPU.Build.0 = Release|Any CPU
	EndGlobalSection
	GlobalSection(SolutionProperties) = preSolution
		HideSolutionNode = FALSE
	EndGlobalSection
	GlobalSection(ExtensibilityGlobals) = postSolution
		SolutionGuid = {5A3AC09B-BAAE-40F6-950F-28445476A165}
	EndGlobalSection
EndGlobal
